
Microsoft Visual Studio Solution File, Format Version 12.00
# Visual Studio 2013
VisualStudioVersion = 12.0.31101.0
MinimumVisualStudioVersion = 10.0.40219.1
Project("{FAE04EC0-301F-11D3-BF4B-00C04F79EFBC}") = "Gurkenplayer", "Gurkenplayer\Gurkenplayer.csproj", "{3D04F88C-34A2-4E6D-809E-C9845560983A}"
EndProject
Project("{FAE04EC0-301F-11D3-BF4B-00C04F79EFBC}") = "GurkenplayerGUIinWPF", "GurkenplayerUIPlanning\GurkenplayerGUIinWPF.csproj", "{B1551BE5-16CB-4E79-AF36-5CD23E84CF2B}"
EndProject
Global
	GlobalSection(SolutionConfigurationPlatforms) = preSolution
		Debug|Any CPU = Debug|Any CPU
		Release|Any CPU = Release|Any CPU
	EndGlobalSection
	GlobalSection(ProjectConfigurationPlatforms) = postSolution
		{3D04F88C-34A2-4E6D-809E-C9845560983A}.Debug|Any CPU.ActiveCfg = Debug|Any CPU
		{3D04F88C-34A2-4E6D-809E-C9845560983A}.Debug|Any CPU.Build.0 = Debug|Any CPU
		{3D04F88C-34A2-4E6D-809E-C9845560983A}.Release|Any CPU.ActiveCfg = Release|Any CPU
		{3D04F88C-34A2-4E6D-809E-C9845560983A}.Release|Any CPU.Build.0 = Release|Any CPU
		{B1551BE5-16CB-4E79-AF36-5CD23E84CF2B}.Debug|Any CPU.ActiveCfg = Debug|Any CPU
		{B1551BE5-16CB-4E79-AF36-5CD23E84CF2B}.Debug|Any CPU.Build.0 = Debug|Any CPU
		{B1551BE5-16CB-4E79-AF36-5CD23E84CF2B}.Release|Any CPU.ActiveCfg = Release|Any CPU
		{B1551BE5-16CB-4E79-AF36-5CD23E84CF2B}.Release|Any CPU.Build.0 = Release|Any CPU
	EndGlobalSection
	GlobalSection(SolutionProperties) = preSolution
		HideSolutionNode = FALSE
	EndGlobalSection
EndGlobal
